
Microsoft Visual Studio Solution File, Format Version 12.00
# Visual Studio Version 17
VisualStudioVersion = 17.5.33516.290
MinimumVisualStudioVersion = 10.0.40219.1
Project("{9A19103F-16F7-4668-BE54-9A1E7A4F7556}") = "WebApplication3", "WebApplication3\WebApplication3.csproj", "{7D71FD6C-6515-4BBA-B6CB-D798AB2B92F4}"
EndProject
Project("{FAE04EC0-301F-11D3-BF4B-00C04F79EFBC}") = "Logica", "Logica\Logica.csproj", "{33651F45-AB85-4530-BDF7-71DA0D39CEE8}"
EndProject
Global
	GlobalSection(SolutionConfigurationPlatforms) = preSolution
		Debug|Any CPU = Debug|Any CPU
		Release|Any CPU = Release|Any CPU
	EndGlobalSection
	GlobalSection(ProjectConfigurationPlatforms) = postSolution
		{7D71FD6C-6515-4BBA-B6CB-D798AB2B92F4}.Debug|Any CPU.ActiveCfg = Debug|Any CPU
		{7D71FD6C-6515-4BBA-B6CB-D798AB2B92F4}.Debug|Any CPU.Build.0 = Debug|Any CPU
		{7D71FD6C-6515-4BBA-B6CB-D798AB2B92F4}.Release|Any CPU.ActiveCfg = Release|Any CPU
		{7D71FD6C-6515-4BBA-B6CB-D798AB2B92F4}.Release|Any CPU.Build.0 = Release|Any CPU
		{33651F45-AB85-4530-BDF7-71DA0D39CEE8}.Debug|Any CPU.ActiveCfg = Debug|Any CPU
		{33651F45-AB85-4530-BDF7-71DA0D39CEE8}.Debug|Any CPU.Build.0 = Debug|Any CPU
		{33651F45-AB85-4530-BDF7-71DA0D39CEE8}.Release|Any CPU.ActiveCfg = Release|Any CPU
		{33651F45-AB85-4530-BDF7-71DA0D39CEE8}.Release|Any CPU.Build.0 = Release|Any CPU
	EndGlobalSection
	GlobalSection(SolutionProperties) = preSolution
		HideSolutionNode = FALSE
	EndGlobalSection
	GlobalSection(ExtensibilityGlobals) = postSolution
		SolutionGuid = {2518EB69-E896-45DE-9E3D-C600DBB69067}
	EndGlobalSection
EndGlobal
